// !$*UTF8*$!
{
	archiveVersion = 1;
	classes = {
	};
	objectVersion = 56;
	objects = {

/* Begin PBXBuildFile section */
		13A93F6C2AA17BE100677877 /* AppDelegate.swift in Sources */ = {isa = PBXBuildFile; fileRef = 13A93F6B2AA17BE100677877 /* AppDelegate.swift */; };
		13A93F6E2AA17BE100677877 /* SceneDelegate.swift in Sources */ = {isa = PBXBuildFile; fileRef = 13A93F6D2AA17BE100677877 /* SceneDelegate.swift */; };
		13A93F752AA17BE100677877 /* Assets.xcassets in Resources */ = {isa = PBXBuildFile; fileRef = 13A93F742AA17BE100677877 /* Assets.xcassets */; };
		13B0F40B2AA1A30E00BD15E0 /* ExampleOnePresenter.swift in Sources */ = {isa = PBXBuildFile; fileRef = 13B0F4062AA1A30E00BD15E0 /* ExampleOnePresenter.swift */; };
		13B0F40C2AA1A30E00BD15E0 /* ExampleOneRouter.swift in Sources */ = {isa = PBXBuildFile; fileRef = 13B0F4072AA1A30E00BD15E0 /* ExampleOneRouter.swift */; };
		13B0F40D2AA1A30E00BD15E0 /* ExampleOneProtocols.swift in Sources */ = {isa = PBXBuildFile; fileRef = 13B0F4082AA1A30E00BD15E0 /* ExampleOneProtocols.swift */; };
		13B0F40E2AA1A30E00BD15E0 /* ExampleOneInteractor.swift in Sources */ = {isa = PBXBuildFile; fileRef = 13B0F4092AA1A30E00BD15E0 /* ExampleOneInteractor.swift */; };
		13B0F40F2AA1A30E00BD15E0 /* ExampleOneView.swift in Sources */ = {isa = PBXBuildFile; fileRef = 13B0F40A2AA1A30E00BD15E0 /* ExampleOneView.swift */; };
		13B0F4122AA1A34200BD15E0 /* Endpoint.swift in Sources */ = {isa = PBXBuildFile; fileRef = 13B0F4112AA1A34200BD15E0 /* Endpoint.swift */; };
		13B0F4192AA1A45000BD15E0 /* MainPresenter.swift in Sources */ = {isa = PBXBuildFile; fileRef = 13B0F4142AA1A45000BD15E0 /* MainPresenter.swift */; };
		13B0F41A2AA1A45000BD15E0 /* MainRouter.swift in Sources */ = {isa = PBXBuildFile; fileRef = 13B0F4152AA1A45000BD15E0 /* MainRouter.swift */; };
		13B0F41B2AA1A45000BD15E0 /* MainProtocols.swift in Sources */ = {isa = PBXBuildFile; fileRef = 13B0F4162AA1A45000BD15E0 /* MainProtocols.swift */; };
		13B0F41C2AA1A45000BD15E0 /* MainInteractor.swift in Sources */ = {isa = PBXBuildFile; fileRef = 13B0F4172AA1A45000BD15E0 /* MainInteractor.swift */; };
		13B0F41D2AA1A45000BD15E0 /* MainView.swift in Sources */ = {isa = PBXBuildFile; fileRef = 13B0F4182AA1A45000BD15E0 /* MainView.swift */; };
		13B0F4202AA1AC2F00BD15E0 /* API.swift in Sources */ = {isa = PBXBuildFile; fileRef = 13B0F41F2AA1AC2F00BD15E0 /* API.swift */; };
		13B0F4272AA262E200BD15E0 /* ExampleTwoPresenter.swift in Sources */ = {isa = PBXBuildFile; fileRef = 13B0F4222AA262E200BD15E0 /* ExampleTwoPresenter.swift */; };
		13B0F4282AA262E200BD15E0 /* ExampleTwoRouter.swift in Sources */ = {isa = PBXBuildFile; fileRef = 13B0F4232AA262E200BD15E0 /* ExampleTwoRouter.swift */; };
		13B0F4292AA262E200BD15E0 /* ExampleTwoProtocols.swift in Sources */ = {isa = PBXBuildFile; fileRef = 13B0F4242AA262E200BD15E0 /* ExampleTwoProtocols.swift */; };
		13B0F42A2AA262E200BD15E0 /* ExampleTwoInteractor.swift in Sources */ = {isa = PBXBuildFile; fileRef = 13B0F4252AA262E200BD15E0 /* ExampleTwoInteractor.swift */; };
		13B0F42B2AA262E200BD15E0 /* ExampleTwoView.swift in Sources */ = {isa = PBXBuildFile; fileRef = 13B0F4262AA262E200BD15E0 /* ExampleTwoView.swift */; };
		13B0F42D2AA263BB00BD15E0 /* ExampleTwoEntity.swift in Sources */ = {isa = PBXBuildFile; fileRef = 13B0F42C2AA263BB00BD15E0 /* ExampleTwoEntity.swift */; };
		13B0F42F2AA2777D00BD15E0 /* ProductViewCell.swift in Sources */ = {isa = PBXBuildFile; fileRef = 13B0F42E2AA2777D00BD15E0 /* ProductViewCell.swift */; };
		13B0F4332AA27EB700BD15E0 /* Products.xcdatamodeld in Sources */ = {isa = PBXBuildFile; fileRef = 13B0F4312AA27EB700BD15E0 /* Products.xcdatamodeld */; };
		13B0F4462AA281B300BD15E0 /* ExampleThreePresenter.swift in Sources */ = {isa = PBXBuildFile; fileRef = 13B0F4412AA281B300BD15E0 /* ExampleThreePresenter.swift */; };
		13B0F4472AA281B300BD15E0 /* ExampleThreeRouter.swift in Sources */ = {isa = PBXBuildFile; fileRef = 13B0F4422AA281B300BD15E0 /* ExampleThreeRouter.swift */; };
		13B0F4482AA281B300BD15E0 /* ExampleThreeProtocols.swift in Sources */ = {isa = PBXBuildFile; fileRef = 13B0F4432AA281B300BD15E0 /* ExampleThreeProtocols.swift */; };
		13B0F4492AA281B300BD15E0 /* ExampleThreeInteractor.swift in Sources */ = {isa = PBXBuildFile; fileRef = 13B0F4442AA281B300BD15E0 /* ExampleThreeInteractor.swift */; };
		13B0F44A2AA281B300BD15E0 /* ExampleThreeView.swift in Sources */ = {isa = PBXBuildFile; fileRef = 13B0F4452AA281B300BD15E0 /* ExampleThreeView.swift */; };
		13B0F4512AA2893E00BD15E0 /* ExampleFourPresenter.swift in Sources */ = {isa = PBXBuildFile; fileRef = 13B0F44C2AA2893E00BD15E0 /* ExampleFourPresenter.swift */; };
		13B0F4522AA2893E00BD15E0 /* ExampleFourRouter.swift in Sources */ = {isa = PBXBuildFile; fileRef = 13B0F44D2AA2893E00BD15E0 /* ExampleFourRouter.swift */; };
		13B0F4532AA2893E00BD15E0 /* ExampleFourProtocols.swift in Sources */ = {isa = PBXBuildFile; fileRef = 13B0F44E2AA2893E00BD15E0 /* ExampleFourProtocols.swift */; };
		13B0F4542AA2893E00BD15E0 /* ExampleFourInteractor.swift in Sources */ = {isa = PBXBuildFile; fileRef = 13B0F44F2AA2893E00BD15E0 /* ExampleFourInteractor.swift */; };
		13B0F4552AA2893E00BD15E0 /* ExampleFourView.swift in Sources */ = {isa = PBXBuildFile; fileRef = 13B0F4502AA2893E00BD15E0 /* ExampleFourView.swift */; };
		13B0F4582AA28E1A00BD15E0 /* ExampleFourEntity.swift in Sources */ = {isa = PBXBuildFile; fileRef = 13B0F4572AA28E1A00BD15E0 /* ExampleFourEntity.swift */; };
		13B0F45F2AA2962B00BD15E0 /* LifecyclePresenter.swift in Sources */ = {isa = PBXBuildFile; fileRef = 13B0F45A2AA2962B00BD15E0 /* LifecyclePresenter.swift */; };
		13B0F4602AA2962B00BD15E0 /* LifecycleRouter.swift in Sources */ = {isa = PBXBuildFile; fileRef = 13B0F45B2AA2962B00BD15E0 /* LifecycleRouter.swift */; };
		13B0F4612AA2962B00BD15E0 /* LifecycleProtocols.swift in Sources */ = {isa = PBXBuildFile; fileRef = 13B0F45C2AA2962B00BD15E0 /* LifecycleProtocols.swift */; };
		13B0F4622AA2962B00BD15E0 /* LifecycleInteractor.swift in Sources */ = {isa = PBXBuildFile; fileRef = 13B0F45D2AA2962B00BD15E0 /* LifecycleInteractor.swift */; };
		13B0F4632AA2962B00BD15E0 /* LifecycleView.swift in Sources */ = {isa = PBXBuildFile; fileRef = 13B0F45E2AA2962B00BD15E0 /* LifecycleView.swift */; };
/* End PBXBuildFile section */

/* Begin PBXFileReference section */
		13A93F682AA17BE100677877 /* Examples.app */ = {isa = PBXFileReference; explicitFileType = wrapper.application; includeInIndex = 0; path = Examples.app; sourceTree = BUILT_PRODUCTS_DIR; };
		13A93F6B2AA17BE100677877 /* AppDelegate.swift */ = {isa = PBXFileReference; lastKnownFileType = sourcecode.swift; path = AppDelegate.swift; sourceTree = "<group>"; };
		13A93F6D2AA17BE100677877 /* SceneDelegate.swift */ = {isa = PBXFileReference; lastKnownFileType = sourcecode.swift; path = SceneDelegate.swift; sourceTree = "<group>"; };
		13A93F742AA17BE100677877 /* Assets.xcassets */ = {isa = PBXFileReference; lastKnownFileType = folder.assetcatalog; path = Assets.xcassets; sourceTree = "<group>"; };
		13A93F792AA17BE200677877 /* Info.plist */ = {isa = PBXFileReference; lastKnownFileType = text.plist.xml; path = Info.plist; sourceTree = "<group>"; };
		13B0F4062AA1A30E00BD15E0 /* ExampleOnePresenter.swift */ = {isa = PBXFileReference; lastKnownFileType = sourcecode.swift; path = ExampleOnePresenter.swift; sourceTree = "<group>"; };
		13B0F4072AA1A30E00BD15E0 /* ExampleOneRouter.swift */ = {isa = PBXFileReference; lastKnownFileType = sourcecode.swift; path = ExampleOneRouter.swift; sourceTree = "<group>"; };
		13B0F4082AA1A30E00BD15E0 /* ExampleOneProtocols.swift */ = {isa = PBXFileReference; lastKnownFileType = sourcecode.swift; path = ExampleOneProtocols.swift; sourceTree = "<group>"; };
		13B0F4092AA1A30E00BD15E0 /* ExampleOneInteractor.swift */ = {isa = PBXFileReference; lastKnownFileType = sourcecode.swift; path = ExampleOneInteractor.swift; sourceTree = "<group>"; };
		13B0F40A2AA1A30E00BD15E0 /* ExampleOneView.swift */ = {isa = PBXFileReference; lastKnownFileType = sourcecode.swift; path = ExampleOneView.swift; sourceTree = "<group>"; };
		13B0F4112AA1A34200BD15E0 /* Endpoint.swift */ = {isa = PBXFileReference; lastKnownFileType = sourcecode.swift; path = Endpoint.swift; sourceTree = "<group>"; };
		13B0F4142AA1A45000BD15E0 /* MainPresenter.swift */ = {isa = PBXFileReference; lastKnownFileType = sourcecode.swift; path = MainPresenter.swift; sourceTree = "<group>"; };
		13B0F4152AA1A45000BD15E0 /* MainRouter.swift */ = {isa = PBXFileReference; lastKnownFileType = sourcecode.swift; path = MainRouter.swift; sourceTree = "<group>"; };
		13B0F4162AA1A45000BD15E0 /* MainProtocols.swift */ = {isa = PBXFileReference; lastKnownFileType = sourcecode.swift; path = MainProtocols.swift; sourceTree = "<group>"; };
		13B0F4172AA1A45000BD15E0 /* MainInteractor.swift */ = {isa = PBXFileReference; lastKnownFileType = sourcecode.swift; path = MainInteractor.swift; sourceTree = "<group>"; };
		13B0F4182AA1A45000BD15E0 /* MainView.swift */ = {isa = PBXFileReference; lastKnownFileType = sourcecode.swift; path = MainView.swift; sourceTree = "<group>"; };
		13B0F41F2AA1AC2F00BD15E0 /* API.swift */ = {isa = PBXFileReference; lastKnownFileType = sourcecode.swift; path = API.swift; sourceTree = "<group>"; };
		13B0F4222AA262E200BD15E0 /* ExampleTwoPresenter.swift */ = {isa = PBXFileReference; lastKnownFileType = sourcecode.swift; path = ExampleTwoPresenter.swift; sourceTree = "<group>"; };
		13B0F4232AA262E200BD15E0 /* ExampleTwoRouter.swift */ = {isa = PBXFileReference; lastKnownFileType = sourcecode.swift; path = ExampleTwoRouter.swift; sourceTree = "<group>"; };
		13B0F4242AA262E200BD15E0 /* ExampleTwoProtocols.swift */ = {isa = PBXFileReference; lastKnownFileType = sourcecode.swift; path = ExampleTwoProtocols.swift; sourceTree = "<group>"; };
		13B0F4252AA262E200BD15E0 /* ExampleTwoInteractor.swift */ = {isa = PBXFileReference; lastKnownFileType = sourcecode.swift; path = ExampleTwoInteractor.swift; sourceTree = "<group>"; };
		13B0F4262AA262E200BD15E0 /* ExampleTwoView.swift */ = {isa = PBXFileReference; lastKnownFileType = sourcecode.swift; path = ExampleTwoView.swift; sourceTree = "<group>"; };
		13B0F42C2AA263BB00BD15E0 /* ExampleTwoEntity.swift */ = {isa = PBXFileReference; lastKnownFileType = sourcecode.swift; path = ExampleTwoEntity.swift; sourceTree = "<group>"; };
		13B0F42E2AA2777D00BD15E0 /* ProductViewCell.swift */ = {isa = PBXFileReference; lastKnownFileType = sourcecode.swift; path = ProductViewCell.swift; sourceTree = "<group>"; };
		13B0F4322AA27EB700BD15E0 /* Products.xcdatamodel */ = {isa = PBXFileReference; lastKnownFileType = wrapper.xcdatamodel; path = Products.xcdatamodel; sourceTree = "<group>"; };
		13B0F4412AA281B300BD15E0 /* ExampleThreePresenter.swift */ = {isa = PBXFileReference; lastKnownFileType = sourcecode.swift; path = ExampleThreePresenter.swift; sourceTree = "<group>"; };
		13B0F4422AA281B300BD15E0 /* ExampleThreeRouter.swift */ = {isa = PBXFileReference; lastKnownFileType = sourcecode.swift; path = ExampleThreeRouter.swift; sourceTree = "<group>"; };
		13B0F4432AA281B300BD15E0 /* ExampleThreeProtocols.swift */ = {isa = PBXFileReference; lastKnownFileType = sourcecode.swift; path = ExampleThreeProtocols.swift; sourceTree = "<group>"; };
		13B0F4442AA281B300BD15E0 /* ExampleThreeInteractor.swift */ = {isa = PBXFileReference; lastKnownFileType = sourcecode.swift; path = ExampleThreeInteractor.swift; sourceTree = "<group>"; };
		13B0F4452AA281B300BD15E0 /* ExampleThreeView.swift */ = {isa = PBXFileReference; lastKnownFileType = sourcecode.swift; path = ExampleThreeView.swift; sourceTree = "<group>"; };
		13B0F44C2AA2893E00BD15E0 /* ExampleFourPresenter.swift */ = {isa = PBXFileReference; lastKnownFileType = sourcecode.swift; path = ExampleFourPresenter.swift; sourceTree = "<group>"; };
		13B0F44D2AA2893E00BD15E0 /* ExampleFourRouter.swift */ = {isa = PBXFileReference; lastKnownFileType = sourcecode.swift; path = ExampleFourRouter.swift; sourceTree = "<group>"; };
		13B0F44E2AA2893E00BD15E0 /* ExampleFourProtocols.swift */ = {isa = PBXFileReference; lastKnownFileType = sourcecode.swift; path = ExampleFourProtocols.swift; sourceTree = "<group>"; };
		13B0F44F2AA2893E00BD15E0 /* ExampleFourInteractor.swift */ = {isa = PBXFileReference; lastKnownFileType = sourcecode.swift; path = ExampleFourInteractor.swift; sourceTree = "<group>"; };
		13B0F4502AA2893E00BD15E0 /* ExampleFourView.swift */ = {isa = PBXFileReference; lastKnownFileType = sourcecode.swift; path = ExampleFourView.swift; sourceTree = "<group>"; };
		13B0F4572AA28E1A00BD15E0 /* ExampleFourEntity.swift */ = {isa = PBXFileReference; lastKnownFileType = sourcecode.swift; path = ExampleFourEntity.swift; sourceTree = "<group>"; };
		13B0F45A2AA2962B00BD15E0 /* LifecyclePresenter.swift */ = {isa = PBXFileReference; lastKnownFileType = sourcecode.swift; path = LifecyclePresenter.swift; sourceTree = "<group>"; };
		13B0F45B2AA2962B00BD15E0 /* LifecycleRouter.swift */ = {isa = PBXFileReference; lastKnownFileType = sourcecode.swift; path = LifecycleRouter.swift; sourceTree = "<group>"; };
		13B0F45C2AA2962B00BD15E0 /* LifecycleProtocols.swift */ = {isa = PBXFileReference; lastKnownFileType = sourcecode.swift; path = LifecycleProtocols.swift; sourceTree = "<group>"; };
		13B0F45D2AA2962B00BD15E0 /* LifecycleInteractor.swift */ = {isa = PBXFileReference; lastKnownFileType = sourcecode.swift; path = LifecycleInteractor.swift; sourceTree = "<group>"; };
		13B0F45E2AA2962B00BD15E0 /* LifecycleView.swift */ = {isa = PBXFileReference; lastKnownFileType = sourcecode.swift; path = LifecycleView.swift; sourceTree = "<group>"; };
/* End PBXFileReference section */

/* Begin PBXFrameworksBuildPhase section */
		13A93F652AA17BE100677877 /* Frameworks */ = {
			isa = PBXFrameworksBuildPhase;
			buildActionMask = 2147483647;
			files = (
			);
			runOnlyForDeploymentPostprocessing = 0;
		};
/* End PBXFrameworksBuildPhase section */

/* Begin PBXGroup section */
		134E99B52AA1928400634EB5 /* ExampleOne */ = {
			isa = PBXGroup;
			children = (
				13B0F4062AA1A30E00BD15E0 /* ExampleOnePresenter.swift */,
				13B0F4072AA1A30E00BD15E0 /* ExampleOneRouter.swift */,
				13B0F4082AA1A30E00BD15E0 /* ExampleOneProtocols.swift */,
				13B0F4092AA1A30E00BD15E0 /* ExampleOneInteractor.swift */,
				13B0F40A2AA1A30E00BD15E0 /* ExampleOneView.swift */,
			);
			path = ExampleOne;
			sourceTree = "<group>";
		};
		13A93F5F2AA17BE100677877 = {
			isa = PBXGroup;
			children = (
				13A93F6A2AA17BE100677877 /* Examples */,
				13A93F692AA17BE100677877 /* Products */,
			);
			sourceTree = "<group>";
		};
		13A93F692AA17BE100677877 /* Products */ = {
			isa = PBXGroup;
			children = (
				13A93F682AA17BE100677877 /* Examples.app */,
			);
			name = Products;
			sourceTree = "<group>";
		};
		13A93F6A2AA17BE100677877 /* Examples */ = {
			isa = PBXGroup;
			children = (
				13B0F4592AA295FD00BD15E0 /* Lifecycle */,
				13B0F44B2AA2892900BD15E0 /* ExampleFour */,
				13B0F4362AA2808B00BD15E0 /* ExampleThree */,
				13B0F4302AA27E7C00BD15E0 /* CoreData */,
				13B0F4212AA262CC00BD15E0 /* ExampleTwo */,
				13B0F41E2AA1AC2000BD15E0 /* Network */,
				13B0F4132AA1A43700BD15E0 /* MainView */,
				13B0F4102AA1A32E00BD15E0 /* EndPoints */,
				134E99B52AA1928400634EB5 /* ExampleOne */,
				13A93F6B2AA17BE100677877 /* AppDelegate.swift */,
				13A93F6D2AA17BE100677877 /* SceneDelegate.swift */,
				13A93F742AA17BE100677877 /* Assets.xcassets */,
				13A93F792AA17BE200677877 /* Info.plist */,
			);
			path = Examples;
			sourceTree = "<group>";
		};
		13B0F4102AA1A32E00BD15E0 /* EndPoints */ = {
			isa = PBXGroup;
			children = (
				13B0F4112AA1A34200BD15E0 /* Endpoint.swift */,
			);
			path = EndPoints;
			sourceTree = "<group>";
		};
		13B0F4132AA1A43700BD15E0 /* MainView */ = {
			isa = PBXGroup;
			children = (
				13B0F4142AA1A45000BD15E0 /* MainPresenter.swift */,
				13B0F4152AA1A45000BD15E0 /* MainRouter.swift */,
				13B0F4162AA1A45000BD15E0 /* MainProtocols.swift */,
				13B0F4172AA1A45000BD15E0 /* MainInteractor.swift */,
				13B0F4182AA1A45000BD15E0 /* MainView.swift */,
			);
			path = MainView;
			sourceTree = "<group>";
		};
		13B0F41E2AA1AC2000BD15E0 /* Network */ = {
			isa = PBXGroup;
			children = (
				13B0F41F2AA1AC2F00BD15E0 /* API.swift */,
			);
			path = Network;
			sourceTree = "<group>";
		};
		13B0F4212AA262CC00BD15E0 /* ExampleTwo */ = {
			isa = PBXGroup;
			children = (
				13B0F4242AA262E200BD15E0 /* ExampleTwoProtocols.swift */,
				13B0F4222AA262E200BD15E0 /* ExampleTwoPresenter.swift */,
				13B0F4232AA262E200BD15E0 /* ExampleTwoRouter.swift */,
				13B0F4252AA262E200BD15E0 /* ExampleTwoInteractor.swift */,
				13B0F4262AA262E200BD15E0 /* ExampleTwoView.swift */,
				13B0F42C2AA263BB00BD15E0 /* ExampleTwoEntity.swift */,
				13B0F42E2AA2777D00BD15E0 /* ProductViewCell.swift */,
			);
			path = ExampleTwo;
			sourceTree = "<group>";
		};
		13B0F4302AA27E7C00BD15E0 /* CoreData */ = {
			isa = PBXGroup;
			children = (
				13B0F4312AA27EB700BD15E0 /* Products.xcdatamodeld */,
			);
			path = CoreData;
			sourceTree = "<group>";
		};
		13B0F4362AA2808B00BD15E0 /* ExampleThree */ = {
			isa = PBXGroup;
			children = (
				13B0F4412AA281B300BD15E0 /* ExampleThreePresenter.swift */,
				13B0F4422AA281B300BD15E0 /* ExampleThreeRouter.swift */,
				13B0F4432AA281B300BD15E0 /* ExampleThreeProtocols.swift */,
				13B0F4442AA281B300BD15E0 /* ExampleThreeInteractor.swift */,
				13B0F4452AA281B300BD15E0 /* ExampleThreeView.swift */,
			);
			path = ExampleThree;
			sourceTree = "<group>";
		};
		13B0F44B2AA2892900BD15E0 /* ExampleFour */ = {
			isa = PBXGroup;
			children = (
				13B0F44C2AA2893E00BD15E0 /* ExampleFourPresenter.swift */,
				13B0F44D2AA2893E00BD15E0 /* ExampleFourRouter.swift */,
				13B0F44E2AA2893E00BD15E0 /* ExampleFourProtocols.swift */,
				13B0F44F2AA2893E00BD15E0 /* ExampleFourInteractor.swift */,
				13B0F4502AA2893E00BD15E0 /* ExampleFourView.swift */,
				13B0F4572AA28E1A00BD15E0 /* ExampleFourEntity.swift */,
			);
			path = ExampleFour;
			sourceTree = "<group>";
		};
		13B0F4592AA295FD00BD15E0 /* Lifecycle */ = {
			isa = PBXGroup;
			children = (
				13B0F45A2AA2962B00BD15E0 /* LifecyclePresenter.swift */,
				13B0F45B2AA2962B00BD15E0 /* LifecycleRouter.swift */,
				13B0F45C2AA2962B00BD15E0 /* LifecycleProtocols.swift */,
				13B0F45D2AA2962B00BD15E0 /* LifecycleInteractor.swift */,
				13B0F45E2AA2962B00BD15E0 /* LifecycleView.swift */,
			);
			path = Lifecycle;
			sourceTree = "<group>";
		};
/* End PBXGroup section */

/* Begin PBXNativeTarget section */
		13A93F672AA17BE100677877 /* Examples */ = {
			isa = PBXNativeTarget;
			buildConfigurationList = 13A93F7C2AA17BE200677877 /* Build configuration list for PBXNativeTarget "Examples" */;
			buildPhases = (
				13A93F642AA17BE100677877 /* Sources */,
				13A93F652AA17BE100677877 /* Frameworks */,
				13A93F662AA17BE100677877 /* Resources */,
			);
			buildRules = (
			);
			dependencies = (
			);
			name = Examples;
			productName = Examples;
			productReference = 13A93F682AA17BE100677877 /* Examples.app */;
			productType = "com.apple.product-type.application";
		};
/* End PBXNativeTarget section */

/* Begin PBXProject section */
		13A93F602AA17BE100677877 /* Project object */ = {
			isa = PBXProject;
			attributes = {
				BuildIndependentTargetsInParallel = 1;
				LastSwiftUpdateCheck = 1420;
				LastUpgradeCheck = 1420;
				TargetAttributes = {
					13A93F672AA17BE100677877 = {
						CreatedOnToolsVersion = 14.2;
					};
				};
			};
			buildConfigurationList = 13A93F632AA17BE100677877 /* Build configuration list for PBXProject "Examples" */;
			compatibilityVersion = "Xcode 14.0";
			developmentRegion = en;
			hasScannedForEncodings = 0;
			knownRegions = (
				en,
				Base,
			);
			mainGroup = 13A93F5F2AA17BE100677877;
			productRefGroup = 13A93F692AA17BE100677877 /* Products */;
			projectDirPath = "";
			projectRoot = "";
			targets = (
				13A93F672AA17BE100677877 /* Examples */,
			);
		};
/* End PBXProject section */

/* Begin PBXResourcesBuildPhase section */
		13A93F662AA17BE100677877 /* Resources */ = {
			isa = PBXResourcesBuildPhase;
			buildActionMask = 2147483647;
			files = (
				13A93F752AA17BE100677877 /* Assets.xcassets in Resources */,
			);
			runOnlyForDeploymentPostprocessing = 0;
		};
/* End PBXResourcesBuildPhase section */

/* Begin PBXSourcesBuildPhase section */
		13A93F642AA17BE100677877 /* Sources */ = {
			isa = PBXSourcesBuildPhase;
			buildActionMask = 2147483647;
			files = (
				13B0F4272AA262E200BD15E0 /* ExampleTwoPresenter.swift in Sources */,
				13B0F40F2AA1A30E00BD15E0 /* ExampleOneView.swift in Sources */,
				13B0F4462AA281B300BD15E0 /* ExampleThreePresenter.swift in Sources */,
				13B0F41D2AA1A45000BD15E0 /* MainView.swift in Sources */,
				13B0F4122AA1A34200BD15E0 /* Endpoint.swift in Sources */,
				13B0F40E2AA1A30E00BD15E0 /* ExampleOneInteractor.swift in Sources */,
				13B0F4532AA2893E00BD15E0 /* ExampleFourProtocols.swift in Sources */,
				13B0F4512AA2893E00BD15E0 /* ExampleFourPresenter.swift in Sources */,
				13B0F4522AA2893E00BD15E0 /* ExampleFourRouter.swift in Sources */,
				13B0F4632AA2962B00BD15E0 /* LifecycleView.swift in Sources */,
				13B0F4602AA2962B00BD15E0 /* LifecycleRouter.swift in Sources */,
				13B0F4472AA281B300BD15E0 /* ExampleThreeRouter.swift in Sources */,
				13B0F40C2AA1A30E00BD15E0 /* ExampleOneRouter.swift in Sources */,
				13B0F4192AA1A45000BD15E0 /* MainPresenter.swift in Sources */,
				13B0F4202AA1AC2F00BD15E0 /* API.swift in Sources */,
				13B0F4482AA281B300BD15E0 /* ExampleThreeProtocols.swift in Sources */,
				13B0F42D2AA263BB00BD15E0 /* ExampleTwoEntity.swift in Sources */,
				13B0F4282AA262E200BD15E0 /* ExampleTwoRouter.swift in Sources */,
				13B0F4582AA28E1A00BD15E0 /* ExampleFourEntity.swift in Sources */,
				13A93F6C2AA17BE100677877 /* AppDelegate.swift in Sources */,
				13B0F4612AA2962B00BD15E0 /* LifecycleProtocols.swift in Sources */,
				13B0F4332AA27EB700BD15E0 /* Products.xcdatamodeld in Sources */,
				13B0F40B2AA1A30E00BD15E0 /* ExampleOnePresenter.swift in Sources */,
				13B0F4292AA262E200BD15E0 /* ExampleTwoProtocols.swift in Sources */,
				13B0F41B2AA1A45000BD15E0 /* MainProtocols.swift in Sources */,
				13B0F42F2AA2777D00BD15E0 /* ProductViewCell.swift in Sources */,
				13B0F44A2AA281B300BD15E0 /* ExampleThreeView.swift in Sources */,
				13A93F6E2AA17BE100677877 /* SceneDelegate.swift in Sources */,
				13B0F45F2AA2962B00BD15E0 /* LifecyclePresenter.swift in Sources */,
				13B0F4622AA2962B00BD15E0 /* LifecycleInteractor.swift in Sources */,
				13B0F4542AA2893E00BD15E0 /* ExampleFourInteractor.swift in Sources */,
				13B0F42B2AA262E200BD15E0 /* ExampleTwoView.swift in Sources */,
				13B0F4552AA2893E00BD15E0 /* ExampleFourView.swift in Sources */,
				13B0F41A2AA1A45000BD15E0 /* MainRouter.swift in Sources */,
				13B0F40D2AA1A30E00BD15E0 /* ExampleOneProtocols.swift in Sources */,
				13B0F42A2AA262E200BD15E0 /* ExampleTwoInteractor.swift in Sources */,
				13B0F41C2AA1A45000BD15E0 /* MainInteractor.swift in Sources */,
				13B0F4492AA281B300BD15E0 /* ExampleThreeInteractor.swift in Sources */,
			);
			runOnlyForDeploymentPostprocessing = 0;
		};
/* End PBXSourcesBuildPhase section */

/* Begin XCBuildConfiguration section */
		13A93F7A2AA17BE200677877 /* Debug */ = {
			isa = XCBuildConfiguration;
			buildSettings = {
				ALWAYS_SEARCH_USER_PATHS = NO;
				CLANG_ANALYZER_NONNULL = YES;
				CLANG_ANALYZER_NUMBER_OBJECT_CONVERSION = YES_AGGRESSIVE;
				CLANG_CXX_LANGUAGE_STANDARD = "gnu++20";
				CLANG_ENABLE_MODULES = YES;
				CLANG_ENABLE_OBJC_ARC = YES;
				CLANG_ENABLE_OBJC_WEAK = YES;
				CLANG_WARN_BLOCK_CAPTURE_AUTORELEASING = YES;
				CLANG_WARN_BOOL_CONVERSION = YES;
				CLANG_WARN_COMMA = YES;
				CLANG_WARN_CONSTANT_CONVERSION = YES;
				CLANG_WARN_DEPRECATED_OBJC_IMPLEMENTATIONS = YES;
				CLANG_WARN_DIRECT_OBJC_ISA_USAGE = YES_ERROR;
				CLANG_WARN_DOCUMENTATION_COMMENTS = YES;
				CLANG_WARN_EMPTY_BODY = YES;
				CLANG_WARN_ENUM_CONVERSION = YES;
				CLANG_WARN_INFINITE_RECURSION = YES;
				CLANG_WARN_INT_CONVERSION = YES;
				CLANG_WARN_NON_LITERAL_NULL_CONVERSION = YES;
				CLANG_WARN_OBJC_IMPLICIT_RETAIN_SELF = YES;
				CLANG_WARN_OBJC_LITERAL_CONVERSION = YES;
				CLANG_WARN_OBJC_ROOT_CLASS = YES_ERROR;
				CLANG_WARN_QUOTED_INCLUDE_IN_FRAMEWORK_HEADER = YES;
				CLANG_WARN_RANGE_LOOP_ANALYSIS = YES;
				CLANG_WARN_STRICT_PROTOTYPES = YES;
				CLANG_WARN_SUSPICIOUS_MOVE = YES;
				CLANG_WARN_UNGUARDED_AVAILABILITY = YES_AGGRESSIVE;
				CLANG_WARN_UNREACHABLE_CODE = YES;
				CLANG_WARN__DUPLICATE_METHOD_MATCH = YES;
				COPY_PHASE_STRIP = NO;
				DEBUG_INFORMATION_FORMAT = dwarf;
				ENABLE_STRICT_OBJC_MSGSEND = YES;
				ENABLE_TESTABILITY = YES;
				GCC_C_LANGUAGE_STANDARD = gnu11;
				GCC_DYNAMIC_NO_PIC = NO;
				GCC_NO_COMMON_BLOCKS = YES;
				GCC_OPTIMIZATION_LEVEL = 0;
				GCC_PREPROCESSOR_DEFINITIONS = (
					"DEBUG=1",
					"$(inherited)",
				);
				GCC_WARN_64_TO_32_BIT_CONVERSION = YES;
				GCC_WARN_ABOUT_RETURN_TYPE = YES_ERROR;
				GCC_WARN_UNDECLARED_SELECTOR = YES;
				GCC_WARN_UNINITIALIZED_AUTOS = YES_AGGRESSIVE;
				GCC_WARN_UNUSED_FUNCTION = YES;
				GCC_WARN_UNUSED_VARIABLE = YES;
				IPHONEOS_DEPLOYMENT_TARGET = 16.2;
				MTL_ENABLE_DEBUG_INFO = INCLUDE_SOURCE;
				MTL_FAST_MATH = YES;
				ONLY_ACTIVE_ARCH = YES;
				SDKROOT = iphoneos;
				SWIFT_ACTIVE_COMPILATION_CONDITIONS = DEBUG;
				SWIFT_OPTIMIZATION_LEVEL = "-Onone";
			};
			name = Debug;
		};
		13A93F7B2AA17BE200677877 /* Release */ = {
			isa = XCBuildConfiguration;
			buildSettings = {
				ALWAYS_SEARCH_USER_PATHS = NO;
				CLANG_ANALYZER_NONNULL = YES;
				CLANG_ANALYZER_NUMBER_OBJECT_CONVERSION = YES_AGGRESSIVE;
				CLANG_CXX_LANGUAGE_STANDARD = "gnu++20";
				CLANG_ENABLE_MODULES = YES;
				CLANG_ENABLE_OBJC_ARC = YES;
				CLANG_ENABLE_OBJC_WEAK = YES;
				CLANG_WARN_BLOCK_CAPTURE_AUTORELEASING = YES;
				CLANG_WARN_BOOL_CONVERSION = YES;
				CLANG_WARN_COMMA = YES;
				CLANG_WARN_CONSTANT_CONVERSION = YES;
				CLANG_WARN_DEPRECATED_OBJC_IMPLEMENTATIONS = YES;
				CLANG_WARN_DIRECT_OBJC_ISA_USAGE = YES_ERROR;
				CLANG_WARN_DOCUMENTATION_COMMENTS = YES;
				CLANG_WARN_EMPTY_BODY = YES;
				CLANG_WARN_ENUM_CONVERSION = YES;
				CLANG_WARN_INFINITE_RECURSION = YES;
				CLANG_WARN_INT_CONVERSION = YES;
				CLANG_WARN_NON_LITERAL_NULL_CONVERSION = YES;
				CLANG_WARN_OBJC_IMPLICIT_RETAIN_SELF = YES;
				CLANG_WARN_OBJC_LITERAL_CONVERSION = YES;
				CLANG_WARN_OBJC_ROOT_CLASS = YES_ERROR;
				CLANG_WARN_QUOTED_INCLUDE_IN_FRAMEWORK_HEADER = YES;
				CLANG_WARN_RANGE_LOOP_ANALYSIS = YES;
				CLANG_WARN_STRICT_PROTOTYPES = YES;
				CLANG_WARN_SUSPICIOUS_MOVE = YES;
				CLANG_WARN_UNGUARDED_AVAILABILITY = YES_AGGRESSIVE;
				CLANG_WARN_UNREACHABLE_CODE = YES;
				CLANG_WARN__DUPLICATE_METHOD_MATCH = YES;
				COPY_PHASE_STRIP = NO;
				DEBUG_INFORMATION_FORMAT = "dwarf-with-dsym";
				ENABLE_NS_ASSERTIONS = NO;
				ENABLE_STRICT_OBJC_MSGSEND = YES;
				GCC_C_LANGUAGE_STANDARD = gnu11;
				GCC_NO_COMMON_BLOCKS = YES;
				GCC_WARN_64_TO_32_BIT_CONVERSION = YES;
				GCC_WARN_ABOUT_RETURN_TYPE = YES_ERROR;
				GCC_WARN_UNDECLARED_SELECTOR = YES;
				GCC_WARN_UNINITIALIZED_AUTOS = YES_AGGRESSIVE;
				GCC_WARN_UNUSED_FUNCTION = YES;
				GCC_WARN_UNUSED_VARIABLE = YES;
				IPHONEOS_DEPLOYMENT_TARGET = 16.2;
				MTL_ENABLE_DEBUG_INFO = NO;
				MTL_FAST_MATH = YES;
				SDKROOT = iphoneos;
				SWIFT_COMPILATION_MODE = wholemodule;
				SWIFT_OPTIMIZATION_LEVEL = "-O";
				VALIDATE_PRODUCT = YES;
			};
			name = Release;
		};
		13A93F7D2AA17BE200677877 /* Debug */ = {
			isa = XCBuildConfiguration;
			buildSettings = {
				ASSETCATALOG_COMPILER_APPICON_NAME = AppIcon;
				ASSETCATALOG_COMPILER_GLOBAL_ACCENT_COLOR_NAME = AccentColor;
				CODE_SIGN_STYLE = Automatic;
				CURRENT_PROJECT_VERSION = 1;
				GENERATE_INFOPLIST_FILE = YES;
				INFOPLIST_FILE = Examples/Info.plist;
				INFOPLIST_KEY_UIApplicationSupportsIndirectInputEvents = YES;
				INFOPLIST_KEY_UILaunchStoryboardName = LaunchScreen;
				INFOPLIST_KEY_UISupportedInterfaceOrientations = UIInterfaceOrientationPortrait;
				INFOPLIST_KEY_UISupportedInterfaceOrientations_iPad = "UIInterfaceOrientationLandscapeLeft UIInterfaceOrientationLandscapeRight UIInterfaceOrientationPortrait UIInterfaceOrientationPortraitUpsideDown";
				LD_RUNPATH_SEARCH_PATHS = (
					"$(inherited)",
					"@executable_path/Frameworks",
				);
				MARKETING_VERSION = 1.0;
				PRODUCT_BUNDLE_IDENTIFIER = misael.com.Examples;
				PRODUCT_NAME = "$(TARGET_NAME)";
				SWIFT_EMIT_LOC_STRINGS = YES;
				SWIFT_VERSION = 5.0;
				TARGETED_DEVICE_FAMILY = "1,2";
			};
			name = Debug;
		};
		13A93F7E2AA17BE200677877 /* Release */ = {
			isa = XCBuildConfiguration;
			buildSettings = {
				ASSETCATALOG_COMPILER_APPICON_NAME = AppIcon;
				ASSETCATALOG_COMPILER_GLOBAL_ACCENT_COLOR_NAME = AccentColor;
				CODE_SIGN_STYLE = Automatic;
				CURRENT_PROJECT_VERSION = 1;
				GENERATE_INFOPLIST_FILE = YES;
				INFOPLIST_FILE = Examples/Info.plist;
				INFOPLIST_KEY_UIApplicationSupportsIndirectInputEvents = YES;
				INFOPLIST_KEY_UILaunchStoryboardName = LaunchScreen;
				INFOPLIST_KEY_UISupportedInterfaceOrientations = UIInterfaceOrientationPortrait;
				INFOPLIST_KEY_UISupportedInterfaceOrientations_iPad = "UIInterfaceOrientationLandscapeLeft UIInterfaceOrientationLandscapeRight UIInterfaceOrientationPortrait UIInterfaceOrientationPortraitUpsideDown";
				LD_RUNPATH_SEARCH_PATHS = (
					"$(inherited)",
					"@executable_path/Frameworks",
				);
				MARKETING_VERSION = 1.0;
				PRODUCT_BUNDLE_IDENTIFIER = misael.com.Examples;
				PRODUCT_NAME = "$(TARGET_NAME)";
				SWIFT_EMIT_LOC_STRINGS = YES;
				SWIFT_VERSION = 5.0;
				TARGETED_DEVICE_FAMILY = "1,2";
			};
			name = Release;
		};
/* End XCBuildConfiguration section */

/* Begin XCConfigurationList section */
		13A93F632AA17BE100677877 /* Build configuration list for PBXProject "Examples" */ = {
			isa = XCConfigurationList;
			buildConfigurations = (
				13A93F7A2AA17BE200677877 /* Debug */,
				13A93F7B2AA17BE200677877 /* Release */,
			);
			defaultConfigurationIsVisible = 0;
			defaultConfigurationName = Release;
		};
		13A93F7C2AA17BE200677877 /* Build configuration list for PBXNativeTarget "Examples" */ = {
			isa = XCConfigurationList;
			buildConfigurations = (
				13A93F7D2AA17BE200677877 /* Debug */,
				13A93F7E2AA17BE200677877 /* Release */,
			);
			defaultConfigurationIsVisible = 0;
			defaultConfigurationName = Release;
		};
/* End XCConfigurationList section */

/* Begin XCVersionGroup section */
		13B0F4312AA27EB700BD15E0 /* Products.xcdatamodeld */ = {
			isa = XCVersionGroup;
			children = (
				13B0F4322AA27EB700BD15E0 /* Products.xcdatamodel */,
			);
			currentVersion = 13B0F4322AA27EB700BD15E0 /* Products.xcdatamodel */;
			path = Products.xcdatamodeld;
			sourceTree = "<group>";
			versionGroupType = wrapper.xcdatamodel;
		};
/* End XCVersionGroup section */
	};
	rootObject = 13A93F602AA17BE100677877 /* Project object */;
}
